// !$*UTF8*$!
{
	archiveVersion = 1;
	classes = {
	};
	objectVersion = 56;
	objects = {

/* Begin PBXBuildFile section */
		970F5B7D241B92520390B5CA /* Pods_TextIt.framework in Frameworks */ = {isa = PBXBuildFile; fileRef = 239C4488DBE9EBB6C104DD71 /* Pods_TextIt.framework */; };
		F97A4B4A2BCEDE3D00AC738D /* UIView+Extensions.swift in Sources */ = {isa = PBXBuildFile; fileRef = F97A4B492BCEDE3D00AC738D /* UIView+Extensions.swift */; };
		F98647422BBC7C1500864FC8 /* AppDelegate.swift in Sources */ = {isa = PBXBuildFile; fileRef = F98647412BBC7C1500864FC8 /* AppDelegate.swift */; };
		F98647442BBC7C1500864FC8 /* SceneDelegate.swift in Sources */ = {isa = PBXBuildFile; fileRef = F98647432BBC7C1500864FC8 /* SceneDelegate.swift */; };
		F98647462BBC7C1500864FC8 /* ConversationsViewController.swift in Sources */ = {isa = PBXBuildFile; fileRef = F98647452BBC7C1500864FC8 /* ConversationsViewController.swift */; };
		F98647492BBC7C1500864FC8 /* Base in Resources */ = {isa = PBXBuildFile; fileRef = F98647482BBC7C1500864FC8 /* Base */; };
		F986474B2BBC7C1600864FC8 /* Assets.xcassets in Resources */ = {isa = PBXBuildFile; fileRef = F986474A2BBC7C1600864FC8 /* Assets.xcassets */; };
		F986474E2BBC7C1600864FC8 /* Base in Resources */ = {isa = PBXBuildFile; fileRef = F986474D2BBC7C1600864FC8 /* Base */; };
		F9A7A8622BBC84B500844FE6 /* LoginViewController.swift in Sources */ = {isa = PBXBuildFile; fileRef = F9A7A8612BBC84B500844FE6 /* LoginViewController.swift */; };
		F9A7A8642BBC84C200844FE6 /* RegisterViewController.swift in Sources */ = {isa = PBXBuildFile; fileRef = F9A7A8632BBC84C200844FE6 /* RegisterViewController.swift */; };
		F9A7A8662BBC84D100844FE6 /* NewConversationViewController.swift in Sources */ = {isa = PBXBuildFile; fileRef = F9A7A8652BBC84D100844FE6 /* NewConversationViewController.swift */; };
		F9A7A8682BBC84E700844FE6 /* PhotoViewerViewController.swift in Sources */ = {isa = PBXBuildFile; fileRef = F9A7A8672BBC84E700844FE6 /* PhotoViewerViewController.swift */; };
		F9A7A86A2BBC84F600844FE6 /* VideoPlayerViewController.swift in Sources */ = {isa = PBXBuildFile; fileRef = F9A7A8692BBC84F600844FE6 /* VideoPlayerViewController.swift */; };
		F9A7A86C2BBC850200844FE6 /* ProfilePageViewController.swift in Sources */ = {isa = PBXBuildFile; fileRef = F9A7A86B2BBC850200844FE6 /* ProfilePageViewController.swift */; };
/* End PBXBuildFile section */

/* Begin PBXFileReference section */
		0062E91C0BA29C23DC284CB6 /* Pods-TextIt.release.xcconfig */ = {isa = PBXFileReference; includeInIndex = 1; lastKnownFileType = text.xcconfig; name = "Pods-TextIt.release.xcconfig"; path = "Target Support Files/Pods-TextIt/Pods-TextIt.release.xcconfig"; sourceTree = "<group>"; };
		239C4488DBE9EBB6C104DD71 /* Pods_TextIt.framework */ = {isa = PBXFileReference; explicitFileType = wrapper.framework; includeInIndex = 0; path = Pods_TextIt.framework; sourceTree = BUILT_PRODUCTS_DIR; };
		D8F6F013EFC7021E4AED7CDD /* Pods-TextIt.debug.xcconfig */ = {isa = PBXFileReference; includeInIndex = 1; lastKnownFileType = text.xcconfig; name = "Pods-TextIt.debug.xcconfig"; path = "Target Support Files/Pods-TextIt/Pods-TextIt.debug.xcconfig"; sourceTree = "<group>"; };
		F97A4B492BCEDE3D00AC738D /* UIView+Extensions.swift */ = {isa = PBXFileReference; lastKnownFileType = sourcecode.swift; path = "UIView+Extensions.swift"; sourceTree = "<group>"; };
		F986473E2BBC7C1500864FC8 /* TextIt.app */ = {isa = PBXFileReference; explicitFileType = wrapper.application; includeInIndex = 0; path = TextIt.app; sourceTree = BUILT_PRODUCTS_DIR; };
		F98647412BBC7C1500864FC8 /* AppDelegate.swift */ = {isa = PBXFileReference; lastKnownFileType = sourcecode.swift; path = AppDelegate.swift; sourceTree = "<group>"; };
		F98647432BBC7C1500864FC8 /* SceneDelegate.swift */ = {isa = PBXFileReference; lastKnownFileType = sourcecode.swift; path = SceneDelegate.swift; sourceTree = "<group>"; };
		F98647452BBC7C1500864FC8 /* ConversationsViewController.swift */ = {isa = PBXFileReference; lastKnownFileType = sourcecode.swift; path = ConversationsViewController.swift; sourceTree = "<group>"; };
		F98647482BBC7C1500864FC8 /* Base */ = {isa = PBXFileReference; lastKnownFileType = file.storyboard; name = Base; path = Base.lproj/Main.storyboard; sourceTree = "<group>"; };
		F986474A2BBC7C1600864FC8 /* Assets.xcassets */ = {isa = PBXFileReference; lastKnownFileType = folder.assetcatalog; path = Assets.xcassets; sourceTree = "<group>"; };
		F986474D2BBC7C1600864FC8 /* Base */ = {isa = PBXFileReference; lastKnownFileType = file.storyboard; name = Base; path = Base.lproj/LaunchScreen.storyboard; sourceTree = "<group>"; };
		F986474F2BBC7C1600864FC8 /* Info.plist */ = {isa = PBXFileReference; lastKnownFileType = text.plist.xml; path = Info.plist; sourceTree = "<group>"; };
		F9A7A8612BBC84B500844FE6 /* LoginViewController.swift */ = {isa = PBXFileReference; lastKnownFileType = sourcecode.swift; path = LoginViewController.swift; sourceTree = "<group>"; };
		F9A7A8632BBC84C200844FE6 /* RegisterViewController.swift */ = {isa = PBXFileReference; lastKnownFileType = sourcecode.swift; path = RegisterViewController.swift; sourceTree = "<group>"; };
		F9A7A8652BBC84D100844FE6 /* NewConversationViewController.swift */ = {isa = PBXFileReference; lastKnownFileType = sourcecode.swift; path = NewConversationViewController.swift; sourceTree = "<group>"; };
		F9A7A8672BBC84E700844FE6 /* PhotoViewerViewController.swift */ = {isa = PBXFileReference; lastKnownFileType = sourcecode.swift; path = PhotoViewerViewController.swift; sourceTree = "<group>"; };
		F9A7A8692BBC84F600844FE6 /* VideoPlayerViewController.swift */ = {isa = PBXFileReference; lastKnownFileType = sourcecode.swift; path = VideoPlayerViewController.swift; sourceTree = "<group>"; };
		F9A7A86B2BBC850200844FE6 /* ProfilePageViewController.swift */ = {isa = PBXFileReference; lastKnownFileType = sourcecode.swift; path = ProfilePageViewController.swift; sourceTree = "<group>"; };
/* End PBXFileReference section */

/* Begin PBXFrameworksBuildPhase section */
		F986473B2BBC7C1500864FC8 /* Frameworks */ = {
			isa = PBXFrameworksBuildPhase;
			buildActionMask = 2147483647;
			files = (
				970F5B7D241B92520390B5CA /* Pods_TextIt.framework in Frameworks */,
			);
			runOnlyForDeploymentPostprocessing = 0;
		};
/* End PBXFrameworksBuildPhase section */

/* Begin PBXGroup section */
		949F3371B73C2B6B3D72E18F /* Pods */ = {
			isa = PBXGroup;
			children = (
				D8F6F013EFC7021E4AED7CDD /* Pods-TextIt.debug.xcconfig */,
				0062E91C0BA29C23DC284CB6 /* Pods-TextIt.release.xcconfig */,
			);
			name = Pods;
			path = Pods;
			sourceTree = "<group>";
		};
		F97A4B482BCEDE2D00AC738D /* Extensions */ = {
			isa = PBXGroup;
			children = (
				F97A4B492BCEDE3D00AC738D /* UIView+Extensions.swift */,
			);
			path = Extensions;
			sourceTree = "<group>";
		};
		F98647352BBC7C1500864FC8 = {
			isa = PBXGroup;
			children = (
				F98647402BBC7C1500864FC8 /* TextIt */,
				F986473F2BBC7C1500864FC8 /* Products */,
				949F3371B73C2B6B3D72E18F /* Pods */,
				FA52F6C81E522BAC6A883BBA /* Frameworks */,
			);
			sourceTree = "<group>";
		};
		F986473F2BBC7C1500864FC8 /* Products */ = {
			isa = PBXGroup;
			children = (
				F986473E2BBC7C1500864FC8 /* TextIt.app */,
			);
			name = Products;
			sourceTree = "<group>";
		};
		F98647402BBC7C1500864FC8 /* TextIt */ = {
			isa = PBXGroup;
			children = (
				F97A4B482BCEDE2D00AC738D /* Extensions */,
				F9A7A8602BBC7FB400844FE6 /* Resources */,
				F9A7A85F2BBC7FA800844FE6 /* Models */,
				F9A7A85E2BBC7F9D00844FE6 /* Controllers */,
				F9A7A85D2BBC7F9100844FE6 /* ViewModels */,
				F9A7A85C2BBC7F8B00844FE6 /* Views */,
				F986474F2BBC7C1600864FC8 /* Info.plist */,
			);
			path = TextIt;
			sourceTree = "<group>";
		};
		F9A7A85C2BBC7F8B00844FE6 /* Views */ = {
			isa = PBXGroup;
			children = (
				F98647472BBC7C1500864FC8 /* Main.storyboard */,
				F986474C2BBC7C1600864FC8 /* LaunchScreen.storyboard */,
			);
			path = Views;
			sourceTree = "<group>";
		};
		F9A7A85D2BBC7F9100844FE6 /* ViewModels */ = {
			isa = PBXGroup;
			children = (
			);
			path = ViewModels;
			sourceTree = "<group>";
		};
		F9A7A85E2BBC7F9D00844FE6 /* Controllers */ = {
			isa = PBXGroup;
			children = (
				F98647452BBC7C1500864FC8 /* ConversationsViewController.swift */,
				F9A7A8612BBC84B500844FE6 /* LoginViewController.swift */,
				F9A7A8632BBC84C200844FE6 /* RegisterViewController.swift */,
				F9A7A8652BBC84D100844FE6 /* NewConversationViewController.swift */,
				F9A7A8672BBC84E700844FE6 /* PhotoViewerViewController.swift */,
				F9A7A8692BBC84F600844FE6 /* VideoPlayerViewController.swift */,
				F9A7A86B2BBC850200844FE6 /* ProfilePageViewController.swift */,
			);
			path = Controllers;
			sourceTree = "<group>";
		};
		F9A7A85F2BBC7FA800844FE6 /* Models */ = {
			isa = PBXGroup;
			children = (
			);
			path = Models;
			sourceTree = "<group>";
		};
		F9A7A8602BBC7FB400844FE6 /* Resources */ = {
			isa = PBXGroup;
			children = (
				F986474A2BBC7C1600864FC8 /* Assets.xcassets */,
				F98647412BBC7C1500864FC8 /* AppDelegate.swift */,
				F98647432BBC7C1500864FC8 /* SceneDelegate.swift */,
			);
			path = Resources;
			sourceTree = "<group>";
		};
		FA52F6C81E522BAC6A883BBA /* Frameworks */ = {
			isa = PBXGroup;
			children = (
				239C4488DBE9EBB6C104DD71 /* Pods_TextIt.framework */,
			);
			name = Frameworks;
			sourceTree = "<group>";
		};
/* End PBXGroup section */

/* Begin PBXNativeTarget section */
		F986473D2BBC7C1500864FC8 /* TextIt */ = {
			isa = PBXNativeTarget;
			buildConfigurationList = F98647522BBC7C1600864FC8 /* Build configuration list for PBXNativeTarget "TextIt" */;
			buildPhases = (
				D8D0239E4B1204EDF88464F6 /* [CP] Check Pods Manifest.lock */,
				F986473A2BBC7C1500864FC8 /* Sources */,
				F986473B2BBC7C1500864FC8 /* Frameworks */,
				F986473C2BBC7C1500864FC8 /* Resources */,
				2B286AA4543451CF09553DBE /* [CP] Embed Pods Frameworks */,
			);
			buildRules = (
			);
			dependencies = (
			);
			name = TextIt;
			productName = TextIt;
			productReference = F986473E2BBC7C1500864FC8 /* TextIt.app */;
			productType = "com.apple.product-type.application";
		};
/* End PBXNativeTarget section */

/* Begin PBXProject section */
		F98647362BBC7C1500864FC8 /* Project object */ = {
			isa = PBXProject;
			attributes = {
				BuildIndependentTargetsInParallel = 1;
				LastSwiftUpdateCheck = 1530;
				LastUpgradeCheck = 1530;
				TargetAttributes = {
					F986473D2BBC7C1500864FC8 = {
						CreatedOnToolsVersion = 15.3;
					};
				};
			};
			buildConfigurationList = F98647392BBC7C1500864FC8 /* Build configuration list for PBXProject "TextIt" */;
			compatibilityVersion = "Xcode 14.0";
			developmentRegion = en;
			hasScannedForEncodings = 0;
			knownRegions = (
				en,
				Base,
			);
			mainGroup = F98647352BBC7C1500864FC8;
			productRefGroup = F986473F2BBC7C1500864FC8 /* Products */;
			projectDirPath = "";
			projectRoot = "";
			targets = (
				F986473D2BBC7C1500864FC8 /* TextIt */,
			);
		};
/* End PBXProject section */

/* Begin PBXResourcesBuildPhase section */
		F986473C2BBC7C1500864FC8 /* Resources */ = {
			isa = PBXResourcesBuildPhase;
			buildActionMask = 2147483647;
			files = (
				F986474B2BBC7C1600864FC8 /* Assets.xcassets in Resources */,
				F986474E2BBC7C1600864FC8 /* Base in Resources */,
				F98647492BBC7C1500864FC8 /* Base in Resources */,
			);
			runOnlyForDeploymentPostprocessing = 0;
		};
/* End PBXResourcesBuildPhase section */

/* Begin PBXShellScriptBuildPhase section */
		2B286AA4543451CF09553DBE /* [CP] Embed Pods Frameworks */ = {
			isa = PBXShellScriptBuildPhase;
			buildActionMask = 2147483647;
			files = (
			);
			inputFileListPaths = (
				"${PODS_ROOT}/Target Support Files/Pods-TextIt/Pods-TextIt-frameworks-${CONFIGURATION}-input-files.xcfilelist",
			);
			name = "[CP] Embed Pods Frameworks";
			outputFileListPaths = (
				"${PODS_ROOT}/Target Support Files/Pods-TextIt/Pods-TextIt-frameworks-${CONFIGURATION}-output-files.xcfilelist",
			);
			runOnlyForDeploymentPostprocessing = 0;
			shellPath = /bin/sh;
			shellScript = "\"${PODS_ROOT}/Target Support Files/Pods-TextIt/Pods-TextIt-frameworks.sh\"\n";
			showEnvVarsInLog = 0;
		};
		D8D0239E4B1204EDF88464F6 /* [CP] Check Pods Manifest.lock */ = {
			isa = PBXShellScriptBuildPhase;
			buildActionMask = 2147483647;
			files = (
			);
			inputFileListPaths = (
			);
			inputPaths = (
				"${PODS_PODFILE_DIR_PATH}/Podfile.lock",
				"${PODS_ROOT}/Manifest.lock",
			);
			name = "[CP] Check Pods Manifest.lock";
			outputFileListPaths = (
			);
			outputPaths = (
				"$(DERIVED_FILE_DIR)/Pods-TextIt-checkManifestLockResult.txt",
			);
			runOnlyForDeploymentPostprocessing = 0;
			shellPath = /bin/sh;
			shellScript = "diff \"${PODS_PODFILE_DIR_PATH}/Podfile.lock\" \"${PODS_ROOT}/Manifest.lock\" > /dev/null\nif [ $? != 0 ] ; then\n    # print error to STDERR\n    echo \"error: The sandbox is not in sync with the Podfile.lock. Run 'pod install' or update your CocoaPods installation.\" >&2\n    exit 1\nfi\n# This output is used by Xcode 'outputs' to avoid re-running this script phase.\necho \"SUCCESS\" > \"${SCRIPT_OUTPUT_FILE_0}\"\n";
			showEnvVarsInLog = 0;
		};
/* End PBXShellScriptBuildPhase section */

/* Begin PBXSourcesBuildPhase section */
		F986473A2BBC7C1500864FC8 /* Sources */ = {
			isa = PBXSourcesBuildPhase;
			buildActionMask = 2147483647;
			files = (
				F9A7A8662BBC84D100844FE6 /* NewConversationViewController.swift in Sources */,
				F9A7A8622BBC84B500844FE6 /* LoginViewController.swift in Sources */,
				F97A4B4A2BCEDE3D00AC738D /* UIView+Extensions.swift in Sources */,
				F9A7A8642BBC84C200844FE6 /* RegisterViewController.swift in Sources */,
				F9A7A8682BBC84E700844FE6 /* PhotoViewerViewController.swift in Sources */,
				F9A7A86C2BBC850200844FE6 /* ProfilePageViewController.swift in Sources */,
				F98647462BBC7C1500864FC8 /* ConversationsViewController.swift in Sources */,
				F9A7A86A2BBC84F600844FE6 /* VideoPlayerViewController.swift in Sources */,
				F98647422BBC7C1500864FC8 /* AppDelegate.swift in Sources */,
				F98647442BBC7C1500864FC8 /* SceneDelegate.swift in Sources */,
			);
			runOnlyForDeploymentPostprocessing = 0;
		};
/* End PBXSourcesBuildPhase section */

/* Begin PBXVariantGroup section */
		F98647472BBC7C1500864FC8 /* Main.storyboard */ = {
			isa = PBXVariantGroup;
			children = (
				F98647482BBC7C1500864FC8 /* Base */,
			);
			name = Main.storyboard;
			sourceTree = "<group>";
		};
		F986474C2BBC7C1600864FC8 /* LaunchScreen.storyboard */ = {
			isa = PBXVariantGroup;
			children = (
				F986474D2BBC7C1600864FC8 /* Base */,
			);
			name = LaunchScreen.storyboard;
			sourceTree = "<group>";
		};
/* End PBXVariantGroup section */

/* Begin XCBuildConfiguration section */
		F98647502BBC7C1600864FC8 /* Debug */ = {
			isa = XCBuildConfiguration;
			buildSettings = {
				ALWAYS_SEARCH_USER_PATHS = NO;
				ASSETCATALOG_COMPILER_GENERATE_SWIFT_ASSET_SYMBOL_EXTENSIONS = YES;
				CLANG_ANALYZER_NONNULL = YES;
				CLANG_ANALYZER_NUMBER_OBJECT_CONVERSION = YES_AGGRESSIVE;
				CLANG_CXX_LANGUAGE_STANDARD = "gnu++20";
				CLANG_ENABLE_MODULES = YES;
				CLANG_ENABLE_OBJC_ARC = YES;
				CLANG_ENABLE_OBJC_WEAK = YES;
				CLANG_WARN_BLOCK_CAPTURE_AUTORELEASING = YES;
				CLANG_WARN_BOOL_CONVERSION = YES;
				CLANG_WARN_COMMA = YES;
				CLANG_WARN_CONSTANT_CONVERSION = YES;
				CLANG_WARN_DEPRECATED_OBJC_IMPLEMENTATIONS = YES;
				CLANG_WARN_DIRECT_OBJC_ISA_USAGE = YES_ERROR;
				CLANG_WARN_DOCUMENTATION_COMMENTS = YES;
				CLANG_WARN_EMPTY_BODY = YES;
				CLANG_WARN_ENUM_CONVERSION = YES;
				CLANG_WARN_INFINITE_RECURSION = YES;
				CLANG_WARN_INT_CONVERSION = YES;
				CLANG_WARN_NON_LITERAL_NULL_CONVERSION = YES;
				CLANG_WARN_OBJC_IMPLICIT_RETAIN_SELF = YES;
				CLANG_WARN_OBJC_LITERAL_CONVERSION = YES;
				CLANG_WARN_OBJC_ROOT_CLASS = YES_ERROR;
				CLANG_WARN_QUOTED_INCLUDE_IN_FRAMEWORK_HEADER = YES;
				CLANG_WARN_RANGE_LOOP_ANALYSIS = YES;
				CLANG_WARN_STRICT_PROTOTYPES = YES;
				CLANG_WARN_SUSPICIOUS_MOVE = YES;
				CLANG_WARN_UNGUARDED_AVAILABILITY = YES_AGGRESSIVE;
				CLANG_WARN_UNREACHABLE_CODE = YES;
				CLANG_WARN__DUPLICATE_METHOD_MATCH = YES;
				COPY_PHASE_STRIP = NO;
				DEBUG_INFORMATION_FORMAT = dwarf;
				ENABLE_STRICT_OBJC_MSGSEND = YES;
				ENABLE_TESTABILITY = YES;
				ENABLE_USER_SCRIPT_SANDBOXING = YES;
				GCC_C_LANGUAGE_STANDARD = gnu17;
				GCC_DYNAMIC_NO_PIC = NO;
				GCC_NO_COMMON_BLOCKS = YES;
				GCC_OPTIMIZATION_LEVEL = 0;
				GCC_PREPROCESSOR_DEFINITIONS = (
					"DEBUG=1",
					"$(inherited)",
				);
				GCC_WARN_64_TO_32_BIT_CONVERSION = YES;
				GCC_WARN_ABOUT_RETURN_TYPE = YES_ERROR;
				GCC_WARN_UNDECLARED_SELECTOR = YES;
				GCC_WARN_UNINITIALIZED_AUTOS = YES_AGGRESSIVE;
				GCC_WARN_UNUSED_FUNCTION = YES;
				GCC_WARN_UNUSED_VARIABLE = YES;
				IPHONEOS_DEPLOYMENT_TARGET = 17.4;
				LOCALIZATION_PREFERS_STRING_CATALOGS = YES;
				MTL_ENABLE_DEBUG_INFO = INCLUDE_SOURCE;
				MTL_FAST_MATH = YES;
				ONLY_ACTIVE_ARCH = YES;
				SDKROOT = iphoneos;
				SWIFT_ACTIVE_COMPILATION_CONDITIONS = "DEBUG $(inherited)";
				SWIFT_OPTIMIZATION_LEVEL = "-Onone";
			};
			name = Debug;
		};
		F98647512BBC7C1600864FC8 /* Release */ = {
			isa = XCBuildConfiguration;
			buildSettings = {
				ALWAYS_SEARCH_USER_PATHS = NO;
				ASSETCATALOG_COMPILER_GENERATE_SWIFT_ASSET_SYMBOL_EXTENSIONS = YES;
				CLANG_ANALYZER_NONNULL = YES;
				CLANG_ANALYZER_NUMBER_OBJECT_CONVERSION = YES_AGGRESSIVE;
				CLANG_CXX_LANGUAGE_STANDARD = "gnu++20";
				CLANG_ENABLE_MODULES = YES;
				CLANG_ENABLE_OBJC_ARC = YES;
				CLANG_ENABLE_OBJC_WEAK = YES;
				CLANG_WARN_BLOCK_CAPTURE_AUTORELEASING = YES;
				CLANG_WARN_BOOL_CONVERSION = YES;
				CLANG_WARN_COMMA = YES;
				CLANG_WARN_CONSTANT_CONVERSION = YES;
				CLANG_WARN_DEPRECATED_OBJC_IMPLEMENTATIONS = YES;
				CLANG_WARN_DIRECT_OBJC_ISA_USAGE = YES_ERROR;
				CLANG_WARN_DOCUMENTATION_COMMENTS = YES;
				CLANG_WARN_EMPTY_BODY = YES;
				CLANG_WARN_ENUM_CONVERSION = YES;
				CLANG_WARN_INFINITE_RECURSION = YES;
				CLANG_WARN_INT_CONVERSION = YES;
				CLANG_WARN_NON_LITERAL_NULL_CONVERSION = YES;
				CLANG_WARN_OBJC_IMPLICIT_RETAIN_SELF = YES;
				CLANG_WARN_OBJC_LITERAL_CONVERSION = YES;
				CLANG_WARN_OBJC_ROOT_CLASS = YES_ERROR;
				CLANG_WARN_QUOTED_INCLUDE_IN_FRAMEWORK_HEADER = YES;
				CLANG_WARN_RANGE_LOOP_ANALYSIS = YES;
				CLANG_WARN_STRICT_PROTOTYPES = YES;
				CLANG_WARN_SUSPICIOUS_MOVE = YES;
				CLANG_WARN_UNGUARDED_AVAILABILITY = YES_AGGRESSIVE;
				CLANG_WARN_UNREACHABLE_CODE = YES;
				CLANG_WARN__DUPLICATE_METHOD_MATCH = YES;
				COPY_PHASE_STRIP = NO;
				DEBUG_INFORMATION_FORMAT = "dwarf-with-dsym";
				ENABLE_NS_ASSERTIONS = NO;
				ENABLE_STRICT_OBJC_MSGSEND = YES;
				ENABLE_USER_SCRIPT_SANDBOXING = YES;
				GCC_C_LANGUAGE_STANDARD = gnu17;
				GCC_NO_COMMON_BLOCKS = YES;
				GCC_WARN_64_TO_32_BIT_CONVERSION = YES;
				GCC_WARN_ABOUT_RETURN_TYPE = YES_ERROR;
				GCC_WARN_UNDECLARED_SELECTOR = YES;
				GCC_WARN_UNINITIALIZED_AUTOS = YES_AGGRESSIVE;
				GCC_WARN_UNUSED_FUNCTION = YES;
				GCC_WARN_UNUSED_VARIABLE = YES;
				IPHONEOS_DEPLOYMENT_TARGET = 17.4;
				LOCALIZATION_PREFERS_STRING_CATALOGS = YES;
				MTL_ENABLE_DEBUG_INFO = NO;
				MTL_FAST_MATH = YES;
				SDKROOT = iphoneos;
				SWIFT_COMPILATION_MODE = wholemodule;
				VALIDATE_PRODUCT = YES;
			};
			name = Release;
		};
		F98647532BBC7C1600864FC8 /* Debug */ = {
			isa = XCBuildConfiguration;
			baseConfigurationReference = D8F6F013EFC7021E4AED7CDD /* Pods-TextIt.debug.xcconfig */;
			buildSettings = {
				ASSETCATALOG_COMPILER_APPICON_NAME = AppIcon;
				ASSETCATALOG_COMPILER_GLOBAL_ACCENT_COLOR_NAME = AccentColor;
				CODE_SIGN_STYLE = Automatic;
				CURRENT_PROJECT_VERSION = 1;
				DEVELOPMENT_TEAM = 5S4264CXAJ;
				GENERATE_INFOPLIST_FILE = YES;
				INFOPLIST_FILE = TextIt/Info.plist;
				INFOPLIST_KEY_UIApplicationSupportsIndirectInputEvents = YES;
				INFOPLIST_KEY_UILaunchStoryboardName = LaunchScreen;
				INFOPLIST_KEY_UIMainStoryboardFile = Main;
				INFOPLIST_KEY_UISupportedInterfaceOrientations = UIInterfaceOrientationPortrait;
				IPHONEOS_DEPLOYMENT_TARGET = 13.0;
				LD_RUNPATH_SEARCH_PATHS = (
					"$(inherited)",
					"@executable_path/Frameworks",
				);
				MARKETING_VERSION = 1.0;
				PRODUCT_BUNDLE_IDENTIFIER = com.example..TextIt;
				PRODUCT_NAME = "$(TARGET_NAME)";
				SUPPORTED_PLATFORMS = "iphoneos iphonesimulator";
				SUPPORTS_MACCATALYST = NO;
				SUPPORTS_MAC_DESIGNED_FOR_IPHONE_IPAD = NO;
				SUPPORTS_XR_DESIGNED_FOR_IPHONE_IPAD = NO;
				SWIFT_EMIT_LOC_STRINGS = YES;
				SWIFT_VERSION = 5.0;
				TARGETED_DEVICE_FAMILY = "1,2";
			};
			name = Debug;
		};
		F98647542BBC7C1600864FC8 /* Release */ = {
			isa = XCBuildConfiguration;
			baseConfigurationReference = 0062E91C0BA29C23DC284CB6 /* Pods-TextIt.release.xcconfig */;
			buildSettings = {
				ASSETCATALOG_COMPILER_APPICON_NAME = AppIcon;
				ASSETCATALOG_COMPILER_GLOBAL_ACCENT_COLOR_NAME = AccentColor;
				CODE_SIGN_STYLE = Automatic;
				CURRENT_PROJECT_VERSION = 1;
				DEVELOPMENT_TEAM = 5S4264CXAJ;
				GENERATE_INFOPLIST_FILE = YES;
				INFOPLIST_FILE = TextIt/Info.plist;
				INFOPLIST_KEY_UIApplicationSupportsIndirectInputEvents = YES;
				INFOPLIST_KEY_UILaunchStoryboardName = LaunchScreen;
				INFOPLIST_KEY_UIMainStoryboardFile = Main;
				INFOPLIST_KEY_UISupportedInterfaceOrientations = UIInterfaceOrientationPortrait;
				IPHONEOS_DEPLOYMENT_TARGET = 13.0;
				LD_RUNPATH_SEARCH_PATHS = (
					"$(inherited)",
					"@executable_path/Frameworks",
				);
				MARKETING_VERSION = 1.0;
				PRODUCT_BUNDLE_IDENTIFIER = com.example..TextIt;
				PRODUCT_NAME = "$(TARGET_NAME)";
				SUPPORTED_PLATFORMS = "iphoneos iphonesimulator";
				SUPPORTS_MACCATALYST = NO;
				SUPPORTS_MAC_DESIGNED_FOR_IPHONE_IPAD = NO;
				SUPPORTS_XR_DESIGNED_FOR_IPHONE_IPAD = NO;
				SWIFT_EMIT_LOC_STRINGS = YES;
				SWIFT_VERSION = 5.0;
				TARGETED_DEVICE_FAMILY = "1,2";
			};
			name = Release;
		};
/* End XCBuildConfiguration section */

/* Begin XCConfigurationList section */
		F98647392BBC7C1500864FC8 /* Build configuration list for PBXProject "TextIt" */ = {
			isa = XCConfigurationList;
			buildConfigurations = (
				F98647502BBC7C1600864FC8 /* Debug */,
				F98647512BBC7C1600864FC8 /* Release */,
			);
			defaultConfigurationIsVisible = 0;
			defaultConfigurationName = Release;
		};
		F98647522BBC7C1600864FC8 /* Build configuration list for PBXNativeTarget "TextIt" */ = {
			isa = XCConfigurationList;
			buildConfigurations = (
				F98647532BBC7C1600864FC8 /* Debug */,
				F98647542BBC7C1600864FC8 /* Release */,
			);
			defaultConfigurationIsVisible = 0;
			defaultConfigurationName = Release;
		};
/* End XCConfigurationList section */
	};
	rootObject = F98647362BBC7C1500864FC8 /* Project object */;
}
